
Microsoft Visual Studio Solution File, Format Version 12.00
# Visual Studio Version 16
VisualStudioVersion = 16.0.31702.278
MinimumVisualStudioVersion = 10.0.40219.1
Project("{FAE04EC0-301F-11D3-BF4B-00C04F79EFBC}") = "gestore ordini", "gestore ordini.\gestore ordini.csproj", "{D26F2378-3DCE-46FF-9453-D6E9CEF3D5CE}"
EndProject
Global
	GlobalSection(SolutionConfigurationPlatforms) = preSolution
		Debug|Any CPU = Debug|Any CPU
		Release|Any CPU = Release|Any CPU
	EndGlobalSection
	GlobalSection(ProjectConfigurationPlatforms) = postSolution
		{D26F2378-3DCE-46FF-9453-D6E9CEF3D5CE}.Debug|Any CPU.ActiveCfg = Debug|Any CPU
		{D26F2378-3DCE-46FF-9453-D6E9CEF3D5CE}.Debug|Any CPU.Build.0 = Debug|Any CPU
		{D26F2378-3DCE-46FF-9453-D6E9CEF3D5CE}.Release|Any CPU.ActiveCfg = Release|Any CPU
		{D26F2378-3DCE-46FF-9453-D6E9CEF3D5CE}.Release|Any CPU.Build.0 = Release|Any CPU
	EndGlobalSection
	GlobalSection(SolutionProperties) = preSolution
		HideSolutionNode = FALSE
	EndGlobalSection
	GlobalSection(ExtensibilityGlobals) = postSolution
		SolutionGuid = {BFA9C28F-CAA3-4D4C-A53F-83F12E2E87CB}
	EndGlobalSection
EndGlobal
